<?xml version="1.0" encoding="utf-8"?>
<Project ToolsVersion="4.0" xmlns="http://schemas.microsoft.com/developer/msbuild/2003">
  <ItemGroup>
    <Filter Include="Source Files">
      <UniqueIdentifier>{4FC737F1-C7A5-4376-A066-2A32D752A2FF}</UniqueIdentifier>
      <Extensions>cpp;cxx;c;def</Extensions>
    </Filter>
    <Filter Include="Header Files">
      <UniqueIdentifier>{93995380-89BD-4b04-88EB-625FBE52EBFB}</UniqueIdentifier>
      <Extensions>h</Extensions>
    </Filter>
    <Filter Include="Form Files">
      <UniqueIdentifier>{99349809-55BA-4b9d-BF79-8FDBB0286EB3}</UniqueIdentifier>
      <Extensions>ui</Extensions>
    </Filter>
    <Filter Include="Resource Files">
      <UniqueIdentifier>{D9D6E242-F8AF-46E4-B9FD-80ECBC20BA3E}</UniqueIdentifier>
      <Extensions>qrc;*</Extensions>
      <ParseFiles>false</ParseFiles>
    </Filter>
    <Filter Include="Generated Files">
      <UniqueIdentifier>{71ED8ED8-ACB9-4CE9-BBE1-E00B30144E11}</UniqueIdentifier>
      <Extensions>moc;h;cpp</Extensions>
      <SourceControlFiles>False</SourceControlFiles>
    </Filter>
    <Filter Include="Generated Files\Debug">
      <UniqueIdentifier>{640d9bfa-9e05-4ce5-81d6-23c47e056e31}</UniqueIdentifier>
      <Extensions>cpp;moc</Extensions>
      <SourceControlFiles>False</SourceControlFiles>
    </Filter>
    <Filter Include="Generated Files\Release">
      <UniqueIdentifier>{2646d880-a0cc-46ce-8dd6-8eab642ff12f}</UniqueIdentifier>
      <Extensions>cpp;moc</Extensions>
      <SourceControlFiles>False</SourceControlFiles>
    </Filter>
    <Filter Include="Source Files\..%255c..%255cqttest">
      <UniqueIdentifier>{126ff260-1329-47e4-b5a9-24ed2aa8d2b2}</UniqueIdentifier>
    </Filter>
    <Filter Include="Source Files\..%255c..%255cqttest\..%255c..%255cqttest%255cqextserialport-1.2beta2%255csrc">
      <UniqueIdentifier>{11cbd159-27dd-4e1f-a88c-939842f87582}</UniqueIdentifier>
    </Filter>
    <Filter Include="Header Files\..%255c..%255cqttest">
      <UniqueIdentifier>{49fcca94-5279-4e44-b2c6-ebc56e63aba8}</UniqueIdentifier>
    </Filter>
    <Filter Include="Header Files\..%255c..%255cqttest\..%255c..%255cqttest%255cqextserialport-1.2beta2%255csrc">
      <UniqueIdentifier>{93edc833-1c4d-4e9f-b1ea-fe532e55e07f}</UniqueIdentifier>
    </Filter>
    <Filter Include="Form Files\..%255c..%255cqttest">
      <UniqueIdentifier>{acc8dfea-5669-4294-b6e8-7097e0cf97ec}</UniqueIdentifier>
    </Filter>
    <Filter Include="Resource Files\..%255c..%255cqttest">
      <UniqueIdentifier>{6c99e4bb-6cbd-4ea7-8f42-0a38bfb7adae}</UniqueIdentifier>
    </Filter>
  </ItemGroup>
  <ItemGroup>
    <ClCompile Include="..\..\qttest\fscontroller.cpp">
      <Filter>Source Files\..%255c..%255cqttest</Filter>
    </ClCompile>
    <ClCompile Include="..\..\qttest\fscontrolpanel.cpp">
      <Filter>Source Files\..%255c..%255cqttest</Filter>
    </ClCompile>
    <ClCompile Include="..\..\qttest\fsdialog.cpp">
      <Filter>Source Files\..%255c..%255cqttest</Filter>
    </ClCompile>
    <ClCompile Include="..\..\qttest\fslaser.cpp">
      <Filter>Source Files\..%255c..%255cqttest</Filter>
    </ClCompile>
    <ClCompile Include="..\..\qttest\fsmodel.cpp">
      <Filter>Source Files\..%255c..%255cqttest</Filter>
    </ClCompile>
    <ClCompile Include="..\..\qttest\fsserial.cpp">
      <Filter>Source Files\..%255c..%255cqttest</Filter>
    </ClCompile>
    <ClCompile Include="..\..\qttest\fsturntable.cpp">
      <Filter>Source Files\..%255c..%255cqttest</Filter>
    </ClCompile>
    <ClCompile Include="..\..\qttest\fsvision.cpp">
      <Filter>Source Files\..%255c..%255cqttest</Filter>
    </ClCompile>
    <ClCompile Include="..\..\qttest\fswebcam.cpp">
      <Filter>Source Files\..%255c..%255cqttest</Filter>
    </ClCompile>
    <ClCompile Include="..\..\qttest\geometryengine.cpp">
      <Filter>Source Files\..%255c..%255cqttest</Filter>
    </ClCompile>
    <ClCompile Include="..\..\qttest\main.cpp">
      <Filter>Source Files\..%255c..%255cqttest</Filter>
    </ClCompile>
    <ClCompile Include="..\..\qttest\mainwidget.cpp">
      <Filter>Source Files\..%255c..%255cqttest</Filter>
    </ClCompile>
    <ClCompile Include="..\..\qttest\mainwindow.cpp">
      <Filter>Source Files\..%255c..%255cqttest</Filter>
    </ClCompile>
    <ClCompile Include="GeneratedFiles\Debug\moc_fscontrolpanel.cpp">
      <Filter>Generated Files\Debug</Filter>
    </ClCompile>
    <ClCompile Include="GeneratedFiles\Release\moc_fscontrolpanel.cpp">
      <Filter>Generated Files\Release</Filter>
    </ClCompile>
    <ClCompile Include="GeneratedFiles\Debug\moc_fsdialog.cpp">
      <Filter>Generated Files\Debug</Filter>
    </ClCompile>
    <ClCompile Include="GeneratedFiles\Release\moc_fsdialog.cpp">
      <Filter>Generated Files\Release</Filter>
    </ClCompile>
    <ClCompile Include="GeneratedFiles\Debug\moc_fsserial.cpp">
      <Filter>Generated Files\Debug</Filter>
    </ClCompile>
    <ClCompile Include="GeneratedFiles\Release\moc_fsserial.cpp">
      <Filter>Generated Files\Release</Filter>
    </ClCompile>
    <ClCompile Include="GeneratedFiles\Debug\moc_fswebcam.cpp">
      <Filter>Generated Files\Debug</Filter>
    </ClCompile>
    <ClCompile Include="GeneratedFiles\Release\moc_fswebcam.cpp">
      <Filter>Generated Files\Release</Filter>
    </ClCompile>
    <ClCompile Include="GeneratedFiles\Debug\moc_mainwidget.cpp">
      <Filter>Generated Files\Debug</Filter>
    </ClCompile>
    <ClCompile Include="GeneratedFiles\Release\moc_mainwidget.cpp">
      <Filter>Generated Files\Release</Filter>
    </ClCompile>
    <ClCompile Include="GeneratedFiles\Debug\moc_mainwindow.cpp">
      <Filter>Generated Files\Debug</Filter>
    </ClCompile>
    <ClCompile Include="GeneratedFiles\Release\moc_mainwindow.cpp">
      <Filter>Generated Files\Release</Filter>
    </ClCompile>
    <ClCompile Include="GeneratedFiles\Debug\moc_qextserialenumerator.cpp">
      <Filter>Generated Files\Debug</Filter>
    </ClCompile>
    <ClCompile Include="GeneratedFiles\Release\moc_qextserialenumerator.cpp">
      <Filter>Generated Files\Release</Filter>
    </ClCompile>
    <ClCompile Include="GeneratedFiles\Debug\moc_qextserialport.cpp">
      <Filter>Generated Files\Debug</Filter>
    </ClCompile>
    <ClCompile Include="GeneratedFiles\Release\moc_qextserialport.cpp">
      <Filter>Generated Files\Release</Filter>
    </ClCompile>
    <ClCompile Include="GeneratedFiles\qrc_shaders.cpp">
      <Filter>Generated Files</Filter>
    </ClCompile>
    <ClCompile Include="GeneratedFiles\qrc_textures.cpp">
      <Filter>Generated Files</Filter>
    </ClCompile>
    <ClCompile Include="..\..\qtTest\qextserialport-1.2beta2\src\qextserialport_win.cpp">
      <Filter>Source Files\..%255c..%255cqttest\..%255c..%255cqttest%255cqextserialport-1.2beta2%255csrc</Filter>
    </ClCompile>
    <ClCompile Include="..\..\qtTest\qextserialport-1.2beta2\src\qextserialport.cpp">
      <Filter>Source Files\..%255c..%255cqttest\..%255c..%255cqttest%255cqextserialport-1.2beta2%255csrc</Filter>
    </ClCompile>
    <ClCompile Include="..\..\qtTest\atfx.cpp">
      <Filter>Source Files\..%255c..%255cqttest</Filter>
    </ClCompile>
    <ClCompile Include="..\..\qtTest\atfz.cpp">
      <Filter>Source Files\..%255c..%255cqttest</Filter>
    </ClCompile>
  </ItemGroup>
  <ItemGroup>
    <CustomBuild Include="..\..\qttest\fscontrolpanel.h">
      <Filter>Header Files\..%255c..%255cqttest</Filter>
    </CustomBuild>
    <CustomBuild Include="..\..\qttest\fsdialog.h">
      <Filter>Header Files\..%255c..%255cqttest</Filter>
    </CustomBuild>
    <CustomBuild Include="..\..\qttest\fsserial.h">
      <Filter>Header Files\..%255c..%255cqttest</Filter>
    </CustomBuild>
    <CustomBuild Include="..\..\qttest\fswebcam.h">
      <Filter>Header Files\..%255c..%255cqttest</Filter>
    </CustomBuild>
    <CustomBuild Include="..\..\qttest\mainwidget.h">
      <Filter>Header Files\..%255c..%255cqttest</Filter>
    </CustomBuild>
    <CustomBuild Include="..\..\qttest\mainwindow.h">
      <Filter>Header Files\..%255c..%255cqttest</Filter>
    </CustomBuild>
    <CustomBuild Include="..\..\qttest\qextserialport-1.2beta2\src\qextserialenumerator.h">
      <Filter>Header Files\..%255c..%255cqttest\..%255c..%255cqttest%255cqextserialport-1.2beta2%255csrc</Filter>
    </CustomBuild>
    <CustomBuild Include="..\..\qttest\qextserialport-1.2beta2\src\qextserialport.h">
      <Filter>Header Files\..%255c..%255cqttest\..%255c..%255cqttest%255cqextserialport-1.2beta2%255csrc</Filter>
    </CustomBuild>
    <CustomBuild Include="..\..\qttest\fscontrolpanel.ui">
      <Filter>Form Files\..%255c..%255cqttest</Filter>
    </CustomBuild>
    <CustomBuild Include="..\..\qttest\fsdialog.ui">
      <Filter>Form Files\..%255c..%255cqttest</Filter>
    </CustomBuild>
    <CustomBuild Include="..\..\qttest\mainwindow.ui">
      <Filter>Form Files\..%255c..%255cqttest</Filter>
    </CustomBuild>
    <CustomBuild Include="..\..\qttest\shaders.qrc">
      <Filter>Resource Files\..%255c..%255cqttest</Filter>
    </CustomBuild>
    <CustomBuild Include="..\..\qttest\textures.qrc">
      <Filter>Resource Files\..%255c..%255cqttest</Filter>
    </CustomBuild>
  </ItemGroup>
  <ItemGroup>
    <ClInclude Include="..\..\qttest\fscontroller.h">
      <Filter>Header Files\..%255c..%255cqttest</Filter>
    </ClInclude>
    <ClInclude Include="..\..\qttest\fsdefines.h">
      <Filter>Header Files\..%255c..%255cqttest</Filter>
    </ClInclude>
    <ClInclude Include="..\..\qttest\fsgeometries.h">
      <Filter>Header Files\..%255c..%255cqttest</Filter>
    </ClInclude>
    <ClInclude Include="..\..\qttest\fslaser.h">
      <Filter>Header Files\..%255c..%255cqttest</Filter>
    </ClInclude>
    <ClInclude Include="..\..\qttest\fsmodel.h">
      <Filter>Header Files\..%255c..%255cqttest</Filter>
    </ClInclude>
    <ClInclude Include="..\..\qttest\fsturntable.h">
      <Filter>Header Files\..%255c..%255cqttest</Filter>
    </ClInclude>
    <ClInclude Include="..\..\qttest\fsvision.h">
      <Filter>Header Files\..%255c..%255cqttest</Filter>
    </ClInclude>
    <ClInclude Include="..\..\qttest\geometryengine.h">
      <Filter>Header Files\..%255c..%255cqttest</Filter>
    </ClInclude>
    <ClInclude Include="..\..\qttest\qextserialport-1.2beta2\src\qextserialenumerator_p.h">
      <Filter>Header Files\..%255c..%255cqttest\..%255c..%255cqttest%255cqextserialport-1.2beta2%255csrc</Filter>
    </ClInclude>
    <ClInclude Include="..\..\qttest\qextserialport-1.2beta2\src\qextserialport_global.h">
      <Filter>Header Files\..%255c..%255cqttest\..%255c..%255cqttest%255cqextserialport-1.2beta2%255csrc</Filter>
    </ClInclude>
    <ClInclude Include="..\..\qttest\qextserialport-1.2beta2\src\qextserialport_p.h">
      <Filter>Header Files\..%255c..%255cqttest\..%255c..%255cqttest%255cqextserialport-1.2beta2%255csrc</Filter>
    </ClInclude>
    <ClInclude Include="..\..\qttest\staticheaders.h">
      <Filter>Header Files\..%255c..%255cqttest</Filter>
    </ClInclude>
    <ClInclude Include="GeneratedFiles\ui_fscontrolpanel.h">
      <Filter>Generated Files</Filter>
    </ClInclude>
    <ClInclude Include="GeneratedFiles\ui_fsdialog.h">
      <Filter>Generated Files</Filter>
    </ClInclude>
    <ClInclude Include="GeneratedFiles\ui_mainwindow.h">
      <Filter>Generated Files</Filter>
    </ClInclude>
    <ClInclude Include="..\..\qtTest\atfx.h">
      <Filter>Header Files\..%255c..%255cqttest</Filter>
    </ClInclude>
    <ClInclude Include="..\..\qtTest\atfz.h">
      <Filter>Header Files\..%255c..%255cqttest</Filter>
    </ClInclude>
  </ItemGroup>
  <ItemGroup>
    <None Include="..\..\qttest\vshader.glsl">
      <Filter>Resource Files</Filter>
    </None>
    <None Include="..\..\qttest\fshader.glsl">
      <Filter>Resource Files</Filter>
    </None>
    <None Include="..\..\qttest\cube.png">
      <Filter>Resource Files</Filter>
    </None>
    <None Include="..\..\qttest\laser_off.jpg">
      <Filter>Resource Files</Filter>
    </None>
    <None Include="..\..\qttest\laser_on.jpg">
      <Filter>Resource Files</Filter>
    </None>
    <None Include="..\..\qttest\done.wav">
      <Filter>Resource Files</Filter>
    </None>
  </ItemGroup>
</Project>